version: 6
environments:
  default:
    channels:
    - url: https://conda.anaconda.org/conda-forge/
    packages:
      win-64:
      - conda: https://conda.anaconda.org/conda-forge/win-64/nodejs-22.13.0-hfeaa22a_0.conda
      - conda: https://conda.anaconda.org/conda-forge/win-64/pnpm-10.11.0-haa868a1_0.conda
      - conda: https://conda.anaconda.org/conda-forge/win-64/ucrt-10.0.22621.0-h57928b3_1.conda
      - conda: https://conda.anaconda.org/conda-forge/win-64/vc-14.3-h2b53caa_26.conda
      - conda: https://conda.anaconda.org/conda-forge/win-64/vc14_runtime-14.42.34438-hfd919c2_26.conda
packages:
- conda: https://conda.anaconda.org/conda-forge/win-64/nodejs-22.13.0-hfeaa22a_0.conda
  sha256: 2e72f510715960a0579a2a5452104d20044e8ba74742b87899e24c11cb72d578
  md5: bd7dde69cfd032aec6ba645297315aff
  license: MIT
  license_family: MIT
  size: 26232097
  timestamp: 1737384238153
- conda: https://conda.anaconda.org/conda-forge/win-64/pnpm-10.11.0-haa868a1_0.conda
  sha256: 493b7cc262afd1b29d04d17afa8c5298cfbe7816771106f86c1083ddcff12230
  md5: ceabf183bedfe8479adfa461dc51d781
  depends:
  - nodejs >=22.13.0,<23.0a0
  - ucrt >=10.0.20348.0
  - vc >=14.2,<15
  - vc14_runtime >=14.29.30139
  license: MIT
  license_family: MIT
  size: 3534104
  timestamp: 1747161395424
- conda: https://conda.anaconda.org/conda-forge/win-64/ucrt-10.0.22621.0-h57928b3_1.conda
  sha256: db8dead3dd30fb1a032737554ce91e2819b43496a0db09927edf01c32b577450
  md5: 6797b005cd0f439c4c5c9ac565783700
  constrains:
  - vs2015_runtime >=14.29.30037
  license: LicenseRef-MicrosoftWindowsSDK10
  size: 559710
  timestamp: 1728377334097
- conda: https://conda.anaconda.org/conda-forge/win-64/vc-14.3-h2b53caa_26.conda
  sha256: 7a685b5c37e9713fa314a0d26b8b1d7a2e6de5ab758698199b5d5b6dba2e3ce1
  md5: d3f0381e38093bde620a8d85f266ae55
  depends:
  - vc14_runtime >=14.42.34433
  track_features:
  - vc14
  license: BSD-3-Clause
  license_family: BSD
  size: 17893
  timestamp: 1743195261486
- conda: https://conda.anaconda.org/conda-forge/win-64/vc14_runtime-14.42.34438-hfd919c2_26.conda
  sha256: 30dcb71bb166e351aadbdc18f1718757c32cdaa0e1e5d9368469ee44f6bf4709
  md5: 91651a36d31aa20c7ba36299fb7068f4
  depends:
  - ucrt >=10.0.20348.0
  constrains:
  - vs2015_runtime 14.42.34438.* *_26
  license: LicenseRef-MicrosoftVisualCpp2015-2022Runtime
  license_family: Proprietary
  size: 750733
  timestamp: 1743195092905
